
Microsoft Visual Studio Solution File, Format Version 12.00
# Visual Studio Version 16
VisualStudioVersion = 16.0.31424.327
MinimumVisualStudioVersion = 10.0.40219.1
Project("{FAE04EC0-301F-11D3-BF4B-00C04F79EFBC}") = "Firestar.Service", "Firestar\Firestar.Service.csproj", "{D0C15458-5340-40D3-8DF5-0AA3311DB239}"
EndProject
Project("{9A19103F-16F7-4668-BE54-9A1E7A4F7556}") = "Firestar", "Firestart.Application\Firestar.csproj", "{A404DAE4-C89C-44FA-9950-8A3B32446CF1}"
EndProject
Global
	GlobalSection(SolutionConfigurationPlatforms) = preSolution
		Debug|Any CPU = Debug|Any CPU
		Debug|arm64 = Debug|arm64
		Debug|x64 = Debug|x64
		Debug|x86 = Debug|x86
		Release|Any CPU = Release|Any CPU
		Release|arm64 = Release|arm64
		Release|x64 = Release|x64
		Release|x86 = Release|x86
	EndGlobalSection
	GlobalSection(ProjectConfigurationPlatforms) = postSolution
		{D0C15458-5340-40D3-8DF5-0AA3311DB239}.Debug|Any CPU.ActiveCfg = Debug|Any CPU
		{D0C15458-5340-40D3-8DF5-0AA3311DB239}.Debug|Any CPU.Build.0 = Debug|Any CPU
		{D0C15458-5340-40D3-8DF5-0AA3311DB239}.Debug|arm64.ActiveCfg = Debug|Any CPU
		{D0C15458-5340-40D3-8DF5-0AA3311DB239}.Debug|arm64.Build.0 = Debug|Any CPU
		{D0C15458-5340-40D3-8DF5-0AA3311DB239}.Debug|x64.ActiveCfg = Debug|Any CPU
		{D0C15458-5340-40D3-8DF5-0AA3311DB239}.Debug|x64.Build.0 = Debug|Any CPU
		{D0C15458-5340-40D3-8DF5-0AA3311DB239}.Debug|x86.ActiveCfg = Debug|Any CPU
		{D0C15458-5340-40D3-8DF5-0AA3311DB239}.Debug|x86.Build.0 = Debug|Any CPU
		{D0C15458-5340-40D3-8DF5-0AA3311DB239}.Release|Any CPU.ActiveCfg = Release|Any CPU
		{D0C15458-5340-40D3-8DF5-0AA3311DB239}.Release|Any CPU.Build.0 = Release|Any CPU
		{D0C15458-5340-40D3-8DF5-0AA3311DB239}.Release|arm64.ActiveCfg = Release|Any CPU
		{D0C15458-5340-40D3-8DF5-0AA3311DB239}.Release|arm64.Build.0 = Release|Any CPU
		{D0C15458-5340-40D3-8DF5-0AA3311DB239}.Release|x64.ActiveCfg = Release|Any CPU
		{D0C15458-5340-40D3-8DF5-0AA3311DB239}.Release|x64.Build.0 = Release|Any CPU
		{D0C15458-5340-40D3-8DF5-0AA3311DB239}.Release|x86.ActiveCfg = Release|Any CPU
		{D0C15458-5340-40D3-8DF5-0AA3311DB239}.Release|x86.Build.0 = Release|Any CPU
		{A404DAE4-C89C-44FA-9950-8A3B32446CF1}.Debug|Any CPU.ActiveCfg = Debug|Any CPU
		{A404DAE4-C89C-44FA-9950-8A3B32446CF1}.Debug|Any CPU.Build.0 = Debug|Any CPU
		{A404DAE4-C89C-44FA-9950-8A3B32446CF1}.Debug|arm64.ActiveCfg = Debug|Any CPU
		{A404DAE4-C89C-44FA-9950-8A3B32446CF1}.Debug|arm64.Build.0 = Debug|Any CPU
		{A404DAE4-C89C-44FA-9950-8A3B32446CF1}.Debug|x64.ActiveCfg = Debug|Any CPU
		{A404DAE4-C89C-44FA-9950-8A3B32446CF1}.Debug|x64.Build.0 = Debug|Any CPU
		{A404DAE4-C89C-44FA-9950-8A3B32446CF1}.Debug|x86.ActiveCfg = Debug|Any CPU
		{A404DAE4-C89C-44FA-9950-8A3B32446CF1}.Debug|x86.Build.0 = Debug|Any CPU
		{A404DAE4-C89C-44FA-9950-8A3B32446CF1}.Release|Any CPU.ActiveCfg = Release|Any CPU
		{A404DAE4-C89C-44FA-9950-8A3B32446CF1}.Release|Any CPU.Build.0 = Release|Any CPU
		{A404DAE4-C89C-44FA-9950-8A3B32446CF1}.Release|arm64.ActiveCfg = Release|Any CPU
		{A404DAE4-C89C-44FA-9950-8A3B32446CF1}.Release|arm64.Build.0 = Release|Any CPU
		{A404DAE4-C89C-44FA-9950-8A3B32446CF1}.Release|x64.ActiveCfg = Release|Any CPU
		{A404DAE4-C89C-44FA-9950-8A3B32446CF1}.Release|x64.Build.0 = Release|Any CPU
		{A404DAE4-C89C-44FA-9950-8A3B32446CF1}.Release|x86.ActiveCfg = Release|Any CPU
		{A404DAE4-C89C-44FA-9950-8A3B32446CF1}.Release|x86.Build.0 = Release|Any CPU
	EndGlobalSection
	GlobalSection(SolutionProperties) = preSolution
		HideSolutionNode = FALSE
	EndGlobalSection
	GlobalSection(ExtensibilityGlobals) = postSolution
		SolutionGuid = {5FDD147C-0935-48E9-9325-4F125E7F3828}
	EndGlobalSection
EndGlobal
