
Microsoft Visual Studio Solution File, Format Version 12.00
# Visual Studio 15
VisualStudioVersion = 15.0.27130.2024
MinimumVisualStudioVersion = 10.0.40219.1
Project("{FAE04EC0-301F-11D3-BF4B-00C04F79EFBC}") = "Firestar", "Firestar\Firestar.csproj", "{D0C15458-5340-40D3-8DF5-0AA3311DB239}"
EndProject
Global
	GlobalSection(SolutionConfigurationPlatforms) = preSolution
		Debug|Any CPU = Debug|Any CPU
		Release|Any CPU = Release|Any CPU
	EndGlobalSection
	GlobalSection(ProjectConfigurationPlatforms) = postSolution
		{D0C15458-5340-40D3-8DF5-0AA3311DB239}.Debug|Any CPU.ActiveCfg = Debug|Any CPU
		{D0C15458-5340-40D3-8DF5-0AA3311DB239}.Debug|Any CPU.Build.0 = Debug|Any CPU
		{D0C15458-5340-40D3-8DF5-0AA3311DB239}.Release|Any CPU.ActiveCfg = Release|Any CPU
		{D0C15458-5340-40D3-8DF5-0AA3311DB239}.Release|Any CPU.Build.0 = Release|Any CPU
	EndGlobalSection
	GlobalSection(SolutionProperties) = preSolution
		HideSolutionNode = FALSE
	EndGlobalSection
	GlobalSection(ExtensibilityGlobals) = postSolution
		SolutionGuid = {5FDD147C-0935-48E9-9325-4F125E7F3828}
	EndGlobalSection
EndGlobal
